// !$*UTF8*$!
{
	archiveVersion = 1;
	classes = {
	};
	objectVersion = 46;
	objects = {

/* Begin PBXBuildFile section */
		FC1146AF1C2A74D000A92773 /* main.m in Sources */ = {isa = PBXBuildFile; fileRef = FC1146AE1C2A74D000A92773 /* main.m */; };
		FC1146B21C2A74D000A92773 /* AppDelegate.m in Sources */ = {isa = PBXBuildFile; fileRef = FC1146B11C2A74D000A92773 /* AppDelegate.m */; };
		FC1146B51C2A74D000A92773 /* CLLThreeTreeViewController.m in Sources */ = {isa = PBXBuildFile; fileRef = FC1146B41C2A74D000A92773 /* CLLThreeTreeViewController.m */; };
		FC1146B81C2A74D000A92773 /* Main.storyboard in Resources */ = {isa = PBXBuildFile; fileRef = FC1146B61C2A74D000A92773 /* Main.storyboard */; };
		FC1146BA1C2A74D000A92773 /* Assets.xcassets in Resources */ = {isa = PBXBuildFile; fileRef = FC1146B91C2A74D000A92773 /* Assets.xcassets */; };
		FC1146BD1C2A74D000A92773 /* LaunchScreen.storyboard in Resources */ = {isa = PBXBuildFile; fileRef = FC1146BB1C2A74D000A92773 /* LaunchScreen.storyboard */; };
		FC1146C81C2A74D000A92773 /* CLLThreeTreeTableTests.m in Sources */ = {isa = PBXBuildFile; fileRef = FC1146C71C2A74D000A92773 /* CLLThreeTreeTableTests.m */; };
		FC1146D31C2A74D000A92773 /* CLLThreeTreeTableUITests.m in Sources */ = {isa = PBXBuildFile; fileRef = FC1146D21C2A74D000A92773 /* CLLThreeTreeTableUITests.m */; };
		FC1146E91C2A782400A92773 /* ChapterTableViewCell.m in Sources */ = {isa = PBXBuildFile; fileRef = FC1146E11C2A782400A92773 /* ChapterTableViewCell.m */; };
		FC1146EA1C2A782400A92773 /* ChapterHeader.xib in Resources */ = {isa = PBXBuildFile; fileRef = FC1146E21C2A782400A92773 /* ChapterHeader.xib */; };
		FC1146EB1C2A782400A92773 /* ChapterHeader.m in Sources */ = {isa = PBXBuildFile; fileRef = FC1146E41C2A782400A92773 /* ChapterHeader.m */; };
		FC1146EC1C2A782400A92773 /* CLLThreeTreeModel.m in Sources */ = {isa = PBXBuildFile; fileRef = FC1146E61C2A782400A92773 /* CLLThreeTreeModel.m */; };
		FC1146ED1C2A782400A92773 /* CLLThreeTreeTableViewCell.m in Sources */ = {isa = PBXBuildFile; fileRef = FC1146E81C2A782400A92773 /* CLLThreeTreeTableViewCell.m */; };
		FC1146F11C2A830D00A92773 /* json in Resources */ = {isa = PBXBuildFile; fileRef = FC1146F01C2A830D00A92773 /* json */; };
/* End PBXBuildFile section */

/* Begin PBXContainerItemProxy section */
		FC1146C41C2A74D000A92773 /* PBXContainerItemProxy */ = {
			isa = PBXContainerItemProxy;
			containerPortal = FC1146A21C2A74CF00A92773 /* Project object */;
			proxyType = 1;
			remoteGlobalIDString = FC1146A91C2A74D000A92773;
			remoteInfo = CLLThreeTreeTable;
		};
		FC1146CF1C2A74D000A92773 /* PBXContainerItemProxy */ = {
			isa = PBXContainerItemProxy;
			containerPortal = FC1146A21C2A74CF00A92773 /* Project object */;
			proxyType = 1;
			remoteGlobalIDString = FC1146A91C2A74D000A92773;
			remoteInfo = CLLThreeTreeTable;
		};
/* End PBXContainerItemProxy section */

/* Begin PBXFileReference section */
		FC1146AA1C2A74D000A92773 /* iOS逆向资源群335930567.app */ = {isa = PBXFileReference; explicitFileType = wrapper.application; includeInIndex = 0; path = "iOS逆向资源群335930567.app"; sourceTree = BUILT_PRODUCTS_DIR; };
		FC1146AE1C2A74D000A92773 /* main.m */ = {isa = PBXFileReference; lastKnownFileType = sourcecode.c.objc; path = main.m; sourceTree = "<group>"; };
		FC1146B01C2A74D000A92773 /* AppDelegate.h */ = {isa = PBXFileReference; lastKnownFileType = sourcecode.c.h; path = AppDelegate.h; sourceTree = "<group>"; };
		FC1146B11C2A74D000A92773 /* AppDelegate.m */ = {isa = PBXFileReference; lastKnownFileType = sourcecode.c.objc; path = AppDelegate.m; sourceTree = "<group>"; };
		FC1146B31C2A74D000A92773 /* CLLThreeTreeViewController.h */ = {isa = PBXFileReference; lastKnownFileType = sourcecode.c.h; path = CLLThreeTreeViewController.h; sourceTree = "<group>"; };
		FC1146B41C2A74D000A92773 /* CLLThreeTreeViewController.m */ = {isa = PBXFileReference; lastKnownFileType = sourcecode.c.objc; path = CLLThreeTreeViewController.m; sourceTree = "<group>"; };
		FC1146B71C2A74D000A92773 /* Base */ = {isa = PBXFileReference; lastKnownFileType = file.storyboard; name = Base; path = Base.lproj/Main.storyboard; sourceTree = "<group>"; };
		FC1146B91C2A74D000A92773 /* Assets.xcassets */ = {isa = PBXFileReference; lastKnownFileType = folder.assetcatalog; path = Assets.xcassets; sourceTree = "<group>"; };
		FC1146BC1C2A74D000A92773 /* Base */ = {isa = PBXFileReference; lastKnownFileType = file.storyboard; name = Base; path = Base.lproj/LaunchScreen.storyboard; sourceTree = "<group>"; };
		FC1146BE1C2A74D000A92773 /* Info.plist */ = {isa = PBXFileReference; lastKnownFileType = text.plist.xml; path = Info.plist; sourceTree = "<group>"; };
		FC1146C31C2A74D000A92773 /* iOS逆向资源群335930567.xctest */ = {isa = PBXFileReference; explicitFileType = wrapper.cfbundle; includeInIndex = 0; path = "iOS逆向资源群335930567.xctest"; sourceTree = BUILT_PRODUCTS_DIR; };
		FC1146C71C2A74D000A92773 /* CLLThreeTreeTableTests.m */ = {isa = PBXFileReference; lastKnownFileType = sourcecode.c.objc; path = CLLThreeTreeTableTests.m; sourceTree = "<group>"; };
		FC1146C91C2A74D000A92773 /* Info.plist */ = {isa = PBXFileReference; lastKnownFileType = text.plist.xml; path = Info.plist; sourceTree = "<group>"; };
		FC1146CE1C2A74D000A92773 /* iOS逆向资源群335930567.xctest */ = {isa = PBXFileReference; explicitFileType = wrapper.cfbundle; includeInIndex = 0; path = "iOS逆向资源群335930567.xctest"; sourceTree = BUILT_PRODUCTS_DIR; };
		FC1146D21C2A74D000A92773 /* CLLThreeTreeTableUITests.m */ = {isa = PBXFileReference; lastKnownFileType = sourcecode.c.objc; path = CLLThreeTreeTableUITests.m; sourceTree = "<group>"; };
		FC1146D41C2A74D000A92773 /* Info.plist */ = {isa = PBXFileReference; lastKnownFileType = text.plist.xml; path = Info.plist; sourceTree = "<group>"; };
		FC1146E01C2A782400A92773 /* ChapterTableViewCell.h */ = {isa = PBXFileReference; fileEncoding = 4; lastKnownFileType = sourcecode.c.h; path = ChapterTableViewCell.h; sourceTree = "<group>"; };
		FC1146E11C2A782400A92773 /* ChapterTableViewCell.m */ = {isa = PBXFileReference; fileEncoding = 4; lastKnownFileType = sourcecode.c.objc; path = ChapterTableViewCell.m; sourceTree = "<group>"; };
		FC1146E21C2A782400A92773 /* ChapterHeader.xib */ = {isa = PBXFileReference; fileEncoding = 4; lastKnownFileType = file.xib; path = ChapterHeader.xib; sourceTree = "<group>"; };
		FC1146E31C2A782400A92773 /* ChapterHeader.h */ = {isa = PBXFileReference; fileEncoding = 4; lastKnownFileType = sourcecode.c.h; path = ChapterHeader.h; sourceTree = "<group>"; };
		FC1146E41C2A782400A92773 /* ChapterHeader.m */ = {isa = PBXFileReference; fileEncoding = 4; lastKnownFileType = sourcecode.c.objc; path = ChapterHeader.m; sourceTree = "<group>"; };
		FC1146E51C2A782400A92773 /* CLLThreeTreeModel.h */ = {isa = PBXFileReference; fileEncoding = 4; lastKnownFileType = sourcecode.c.h; path = CLLThreeTreeModel.h; sourceTree = "<group>"; };
		FC1146E61C2A782400A92773 /* CLLThreeTreeModel.m */ = {isa = PBXFileReference; fileEncoding = 4; lastKnownFileType = sourcecode.c.objc; path = CLLThreeTreeModel.m; sourceTree = "<group>"; };
		FC1146E71C2A782400A92773 /* CLLThreeTreeTableViewCell.h */ = {isa = PBXFileReference; fileEncoding = 4; lastKnownFileType = sourcecode.c.h; path = CLLThreeTreeTableViewCell.h; sourceTree = "<group>"; };
		FC1146E81C2A782400A92773 /* CLLThreeTreeTableViewCell.m */ = {isa = PBXFileReference; fileEncoding = 4; lastKnownFileType = sourcecode.c.objc; path = CLLThreeTreeTableViewCell.m; sourceTree = "<group>"; };
		FC1146EF1C2A7A2400A92773 /* Common.h */ = {isa = PBXFileReference; lastKnownFileType = sourcecode.c.h; path = Common.h; sourceTree = "<group>"; };
		FC1146F01C2A830D00A92773 /* json */ = {isa = PBXFileReference; fileEncoding = 4; lastKnownFileType = text; path = json; sourceTree = "<group>"; };
/* End PBXFileReference section */

/* Begin PBXFrameworksBuildPhase section */
		FC1146A71C2A74D000A92773 /* Frameworks */ = {
			isa = PBXFrameworksBuildPhase;
			buildActionMask = 2147483647;
			files = (
			);
			runOnlyForDeploymentPostprocessing = 0;
		};
		FC1146C01C2A74D000A92773 /* Frameworks */ = {
			isa = PBXFrameworksBuildPhase;
			buildActionMask = 2147483647;
			files = (
			);
			runOnlyForDeploymentPostprocessing = 0;
		};
		FC1146CB1C2A74D000A92773 /* Frameworks */ = {
			isa = PBXFrameworksBuildPhase;
			buildActionMask = 2147483647;
			files = (
			);
			runOnlyForDeploymentPostprocessing = 0;
		};
/* End PBXFrameworksBuildPhase section */

/* Begin PBXGroup section */
		FC1146A11C2A74CF00A92773 = {
			isa = PBXGroup;
			children = (
				FC1146AC1C2A74D000A92773 /* CLLThreeTreeTable */,
				FC1146C61C2A74D000A92773 /* CLLThreeTreeTableTests */,
				FC1146D11C2A74D000A92773 /* CLLThreeTreeTableUITests */,
				FC1146AB1C2A74D000A92773 /* Products */,
			);
			sourceTree = "<group>";
		};
		FC1146AB1C2A74D000A92773 /* Products */ = {
			isa = PBXGroup;
			children = (
				FC1146AA1C2A74D000A92773 /* iOS逆向资源群335930567.app */,
				FC1146C31C2A74D000A92773 /* iOS逆向资源群335930567.xctest */,
				FC1146CE1C2A74D000A92773 /* iOS逆向资源群335930567.xctest */,
			);
			name = Products;
			sourceTree = "<group>";
		};
		FC1146AC1C2A74D000A92773 /* CLLThreeTreeTable */ = {
			isa = PBXGroup;
			children = (
				FC1146F01C2A830D00A92773 /* json */,
				FC1146EF1C2A7A2400A92773 /* Common.h */,
				FC1146B01C2A74D000A92773 /* AppDelegate.h */,
				FC1146B11C2A74D000A92773 /* AppDelegate.m */,
				FC1146E01C2A782400A92773 /* ChapterTableViewCell.h */,
				FC1146E11C2A782400A92773 /* ChapterTableViewCell.m */,
				FC1146E21C2A782400A92773 /* ChapterHeader.xib */,
				FC1146E31C2A782400A92773 /* ChapterHeader.h */,
				FC1146E41C2A782400A92773 /* ChapterHeader.m */,
				FC1146E51C2A782400A92773 /* CLLThreeTreeModel.h */,
				FC1146E61C2A782400A92773 /* CLLThreeTreeModel.m */,
				FC1146E71C2A782400A92773 /* CLLThreeTreeTableViewCell.h */,
				FC1146E81C2A782400A92773 /* CLLThreeTreeTableViewCell.m */,
				FC1146B31C2A74D000A92773 /* CLLThreeTreeViewController.h */,
				FC1146B41C2A74D000A92773 /* CLLThreeTreeViewController.m */,
				FC1146B61C2A74D000A92773 /* Main.storyboard */,
				FC1146B91C2A74D000A92773 /* Assets.xcassets */,
				FC1146BB1C2A74D000A92773 /* LaunchScreen.storyboard */,
				FC1146BE1C2A74D000A92773 /* Info.plist */,
				FC1146AD1C2A74D000A92773 /* Supporting Files */,
			);
			path = CLLThreeTreeTable;
			sourceTree = "<group>";
		};
		FC1146AD1C2A74D000A92773 /* Supporting Files */ = {
			isa = PBXGroup;
			children = (
				FC1146AE1C2A74D000A92773 /* main.m */,
			);
			name = "Supporting Files";
			sourceTree = "<group>";
		};
		FC1146C61C2A74D000A92773 /* CLLThreeTreeTableTests */ = {
			isa = PBXGroup;
			children = (
				FC1146C71C2A74D000A92773 /* CLLThreeTreeTableTests.m */,
				FC1146C91C2A74D000A92773 /* Info.plist */,
			);
			path = CLLThreeTreeTableTests;
			sourceTree = "<group>";
		};
		FC1146D11C2A74D000A92773 /* CLLThreeTreeTableUITests */ = {
			isa = PBXGroup;
			children = (
				FC1146D21C2A74D000A92773 /* CLLThreeTreeTableUITests.m */,
				FC1146D41C2A74D000A92773 /* Info.plist */,
			);
			path = CLLThreeTreeTableUITests;
			sourceTree = "<group>";
		};
/* End PBXGroup section */

/* Begin PBXNativeTarget section */
		FC1146A91C2A74D000A92773 /* iOS逆向资源群335930567 */ = {
			isa = PBXNativeTarget;
			buildConfigurationList = FC1146D71C2A74D000A92773 /* Build configuration list for PBXNativeTarget "iOS逆向资源群335930567" */;
			buildPhases = (
				FC1146A61C2A74D000A92773 /* Sources */,
				FC1146A71C2A74D000A92773 /* Frameworks */,
				FC1146A81C2A74D000A92773 /* Resources */,
			);
			buildRules = (
			);
			dependencies = (
			);
			name = "iOS逆向资源群335930567";
			productName = CLLThreeTreeTable;
			productReference = FC1146AA1C2A74D000A92773 /* iOS逆向资源群335930567.app */;
			productType = "com.apple.product-type.application";
		};
		FC1146C21C2A74D000A92773 /* iOS逆向资源群335930567Tests */ = {
			isa = PBXNativeTarget;
			buildConfigurationList = FC1146DA1C2A74D000A92773 /* Build configuration list for PBXNativeTarget "iOS逆向资源群335930567Tests" */;
			buildPhases = (
				FC1146BF1C2A74D000A92773 /* Sources */,
				FC1146C01C2A74D000A92773 /* Frameworks */,
				FC1146C11C2A74D000A92773 /* Resources */,
			);
			buildRules = (
			);
			dependencies = (
				FC1146C51C2A74D000A92773 /* PBXTargetDependency */,
			);
			name = "iOS逆向资源群335930567Tests";
			productName = CLLThreeTreeTableTests;
			productReference = FC1146C31C2A74D000A92773 /* iOS逆向资源群335930567.xctest */;
			productType = "com.apple.product-type.bundle.unit-test";
		};
		FC1146CD1C2A74D000A92773 /* iOS逆向资源群335930567UITests */ = {
			isa = PBXNativeTarget;
			buildConfigurationList = FC1146DD1C2A74D000A92773 /* Build configuration list for PBXNativeTarget "iOS逆向资源群335930567UITests" */;
			buildPhases = (
				FC1146CA1C2A74D000A92773 /* Sources */,
				FC1146CB1C2A74D000A92773 /* Frameworks */,
				FC1146CC1C2A74D000A92773 /* Resources */,
			);
			buildRules = (
			);
			dependencies = (
				FC1146D01C2A74D000A92773 /* PBXTargetDependency */,
			);
			name = "iOS逆向资源群335930567UITests";
			productName = CLLThreeTreeTableUITests;
			productReference = FC1146CE1C2A74D000A92773 /* iOS逆向资源群335930567.xctest */;
			productType = "com.apple.product-type.bundle.ui-testing";
		};
/* End PBXNativeTarget section */

/* Begin PBXProject section */
		FC1146A21C2A74CF00A92773 /* Project object */ = {
			isa = PBXProject;
			attributes = {
				LastUpgradeCheck = 0720;
				ORGANIZATIONNAME = TianXing;
				TargetAttributes = {
					FC1146A91C2A74D000A92773 = {
						CreatedOnToolsVersion = 7.2;
						DevelopmentTeam = 2P54SMFHY3;
					};
					FC1146C21C2A74D000A92773 = {
						CreatedOnToolsVersion = 7.2;
						DevelopmentTeam = 2P54SMFHY3;
						TestTargetID = FC1146A91C2A74D000A92773;
					};
					FC1146CD1C2A74D000A92773 = {
						CreatedOnToolsVersion = 7.2;
						DevelopmentTeam = 2P54SMFHY3;
						TestTargetID = FC1146A91C2A74D000A92773;
					};
				};
			};
			buildConfigurationList = FC1146A51C2A74CF00A92773 /* Build configuration list for PBXProject "iOS逆向资源群335930567" */;
			compatibilityVersion = "Xcode 3.2";
			developmentRegion = English;
			hasScannedForEncodings = 0;
			knownRegions = (
				en,
				Base,
			);
			mainGroup = FC1146A11C2A74CF00A92773;
			productRefGroup = FC1146AB1C2A74D000A92773 /* Products */;
			projectDirPath = "";
			projectRoot = "";
			targets = (
				FC1146A91C2A74D000A92773 /* iOS逆向资源群335930567 */,
				FC1146C21C2A74D000A92773 /* iOS逆向资源群335930567Tests */,
				FC1146CD1C2A74D000A92773 /* iOS逆向资源群335930567UITests */,
			);
		};
/* End PBXProject section */

/* Begin PBXResourcesBuildPhase section */
		FC1146A81C2A74D000A92773 /* Resources */ = {
			isa = PBXResourcesBuildPhase;
			buildActionMask = 2147483647;
			files = (
				FC1146F11C2A830D00A92773 /* json in Resources */,
				FC1146BD1C2A74D000A92773 /* LaunchScreen.storyboard in Resources */,
				FC1146BA1C2A74D000A92773 /* Assets.xcassets in Resources */,
				FC1146EA1C2A782400A92773 /* ChapterHeader.xib in Resources */,
				FC1146B81C2A74D000A92773 /* Main.storyboard in Resources */,
			);
			runOnlyForDeploymentPostprocessing = 0;
		};
		FC1146C11C2A74D000A92773 /* Resources */ = {
			isa = PBXResourcesBuildPhase;
			buildActionMask = 2147483647;
			files = (
			);
			runOnlyForDeploymentPostprocessing = 0;
		};
		FC1146CC1C2A74D000A92773 /* Resources */ = {
			isa = PBXResourcesBuildPhase;
			buildActionMask = 2147483647;
			files = (
			);
			runOnlyForDeploymentPostprocessing = 0;
		};
/* End PBXResourcesBuildPhase section */

/* Begin PBXSourcesBuildPhase section */
		FC1146A61C2A74D000A92773 /* Sources */ = {
			isa = PBXSourcesBuildPhase;
			buildActionMask = 2147483647;
			files = (
				FC1146ED1C2A782400A92773 /* CLLThreeTreeTableViewCell.m in Sources */,
				FC1146EB1C2A782400A92773 /* ChapterHeader.m in Sources */,
				FC1146B51C2A74D000A92773 /* CLLThreeTreeViewController.m in Sources */,
				FC1146B21C2A74D000A92773 /* AppDelegate.m in Sources */,
				FC1146AF1C2A74D000A92773 /* main.m in Sources */,
				FC1146E91C2A782400A92773 /* ChapterTableViewCell.m in Sources */,
				FC1146EC1C2A782400A92773 /* CLLThreeTreeModel.m in Sources */,
			);
			runOnlyForDeploymentPostprocessing = 0;
		};
		FC1146BF1C2A74D000A92773 /* Sources */ = {
			isa = PBXSourcesBuildPhase;
			buildActionMask = 2147483647;
			files = (
				FC1146C81C2A74D000A92773 /* CLLThreeTreeTableTests.m in Sources */,
			);
			runOnlyForDeploymentPostprocessing = 0;
		};
		FC1146CA1C2A74D000A92773 /* Sources */ = {
			isa = PBXSourcesBuildPhase;
			buildActionMask = 2147483647;
			files = (
				FC1146D31C2A74D000A92773 /* CLLThreeTreeTableUITests.m in Sources */,
			);
			runOnlyForDeploymentPostprocessing = 0;
		};
/* End PBXSourcesBuildPhase section */

/* Begin PBXTargetDependency section */
		FC1146C51C2A74D000A92773 /* PBXTargetDependency */ = {
			isa = PBXTargetDependency;
			target = FC1146A91C2A74D000A92773 /* iOS逆向资源群335930567 */;
			targetProxy = FC1146C41C2A74D000A92773 /* PBXContainerItemProxy */;
		};
		FC1146D01C2A74D000A92773 /* PBXTargetDependency */ = {
			isa = PBXTargetDependency;
			target = FC1146A91C2A74D000A92773 /* iOS逆向资源群335930567 */;
			targetProxy = FC1146CF1C2A74D000A92773 /* PBXContainerItemProxy */;
		};
/* End PBXTargetDependency section */

/* Begin PBXVariantGroup section */
		FC1146B61C2A74D000A92773 /* Main.storyboard */ = {
			isa = PBXVariantGroup;
			children = (
				FC1146B71C2A74D000A92773 /* Base */,
			);
			name = Main.storyboard;
			sourceTree = "<group>";
		};
		FC1146BB1C2A74D000A92773 /* LaunchScreen.storyboard */ = {
			isa = PBXVariantGroup;
			children = (
				FC1146BC1C2A74D000A92773 /* Base */,
			);
			name = LaunchScreen.storyboard;
			sourceTree = "<group>";
		};
/* End PBXVariantGroup section */

/* Begin XCBuildConfiguration section */
		FC1146D51C2A74D000A92773 /* Debug */ = {
			isa = XCBuildConfiguration;
			buildSettings = {
				ALWAYS_SEARCH_USER_PATHS = NO;
				CLANG_CXX_LANGUAGE_STANDARD = "gnu++0x";
				CLANG_CXX_LIBRARY = "libc++";
				CLANG_ENABLE_MODULES = YES;
				CLANG_ENABLE_OBJC_ARC = YES;
				CLANG_WARN_BOOL_CONVERSION = YES;
				CLANG_WARN_CONSTANT_CONVERSION = YES;
				CLANG_WARN_DIRECT_OBJC_ISA_USAGE = YES_ERROR;
				CLANG_WARN_EMPTY_BODY = YES;
				CLANG_WARN_ENUM_CONVERSION = YES;
				CLANG_WARN_INT_CONVERSION = YES;
				CLANG_WARN_OBJC_ROOT_CLASS = YES_ERROR;
				CLANG_WARN_UNREACHABLE_CODE = YES;
				CLANG_WARN__DUPLICATE_METHOD_MATCH = YES;
				"CODE_SIGN_IDENTITY[sdk=iphoneos*]" = "iPhone Developer";
				COPY_PHASE_STRIP = NO;
				DEBUG_INFORMATION_FORMAT = dwarf;
				ENABLE_STRICT_OBJC_MSGSEND = YES;
				ENABLE_TESTABILITY = YES;
				GCC_C_LANGUAGE_STANDARD = gnu99;
				GCC_DYNAMIC_NO_PIC = NO;
				GCC_NO_COMMON_BLOCKS = YES;
				GCC_OPTIMIZATION_LEVEL = 0;
				GCC_PREPROCESSOR_DEFINITIONS = (
					"DEBUG=1",
					"$(inherited)",
				);
				GCC_WARN_64_TO_32_BIT_CONVERSION = YES;
				GCC_WARN_ABOUT_RETURN_TYPE = YES_ERROR;
				GCC_WARN_UNDECLARED_SELECTOR = YES;
				GCC_WARN_UNINITIALIZED_AUTOS = YES_AGGRESSIVE;
				GCC_WARN_UNUSED_FUNCTION = YES;
				GCC_WARN_UNUSED_VARIABLE = YES;
				IPHONEOS_DEPLOYMENT_TARGET = 9.2;
				MTL_ENABLE_DEBUG_INFO = YES;
				ONLY_ACTIVE_ARCH = YES;
				SDKROOT = iphoneos;
			};
			name = Debug;
		};
		FC1146D61C2A74D000A92773 /* Release */ = {
			isa = XCBuildConfiguration;
			buildSettings = {
				ALWAYS_SEARCH_USER_PATHS = NO;
				CLANG_CXX_LANGUAGE_STANDARD = "gnu++0x";
				CLANG_CXX_LIBRARY = "libc++";
				CLANG_ENABLE_MODULES = YES;
				CLANG_ENABLE_OBJC_ARC = YES;
				CLANG_WARN_BOOL_CONVERSION = YES;
				CLANG_WARN_CONSTANT_CONVERSION = YES;
				CLANG_WARN_DIRECT_OBJC_ISA_USAGE = YES_ERROR;
				CLANG_WARN_EMPTY_BODY = YES;
				CLANG_WARN_ENUM_CONVERSION = YES;
				CLANG_WARN_INT_CONVERSION = YES;
				CLANG_WARN_OBJC_ROOT_CLASS = YES_ERROR;
				CLANG_WARN_UNREACHABLE_CODE = YES;
				CLANG_WARN__DUPLICATE_METHOD_MATCH = YES;
				"CODE_SIGN_IDENTITY[sdk=iphoneos*]" = "iPhone Developer";
				COPY_PHASE_STRIP = NO;
				DEBUG_INFORMATION_FORMAT = "dwarf-with-dsym";
				ENABLE_NS_ASSERTIONS = NO;
				ENABLE_STRICT_OBJC_MSGSEND = YES;
				GCC_C_LANGUAGE_STANDARD = gnu99;
				GCC_NO_COMMON_BLOCKS = YES;
				GCC_WARN_64_TO_32_BIT_CONVERSION = YES;
				GCC_WARN_ABOUT_RETURN_TYPE = YES_ERROR;
				GCC_WARN_UNDECLARED_SELECTOR = YES;
				GCC_WARN_UNINITIALIZED_AUTOS = YES_AGGRESSIVE;
				GCC_WARN_UNUSED_FUNCTION = YES;
				GCC_WARN_UNUSED_VARIABLE = YES;
				IPHONEOS_DEPLOYMENT_TARGET = 9.2;
				MTL_ENABLE_DEBUG_INFO = NO;
				SDKROOT = iphoneos;
				VALIDATE_PRODUCT = YES;
			};
			name = Release;
		};
		FC1146D81C2A74D000A92773 /* Debug */ = {
			isa = XCBuildConfiguration;
			buildSettings = {
				ASSETCATALOG_COMPILER_APPICON_NAME = AppIcon;
				INFOPLIST_FILE = CLLThreeTreeTable/Info.plist;
				IPHONEOS_DEPLOYMENT_TARGET = 7.0;
				LD_RUNPATH_SEARCH_PATHS = "$(inherited) @executable_path/Frameworks";
				PRODUCT_BUNDLE_IDENTIFIER = com.tianxing.CLLThreeTreeTable;
				PRODUCT_NAME = "iOS逆向资源群335930567";
			};
			name = Debug;
		};
		FC1146D91C2A74D000A92773 /* Release */ = {
			isa = XCBuildConfiguration;
			buildSettings = {
				ASSETCATALOG_COMPILER_APPICON_NAME = AppIcon;
				INFOPLIST_FILE = CLLThreeTreeTable/Info.plist;
				IPHONEOS_DEPLOYMENT_TARGET = 7.0;
				LD_RUNPATH_SEARCH_PATHS = "$(inherited) @executable_path/Frameworks";
				PRODUCT_BUNDLE_IDENTIFIER = com.tianxing.CLLThreeTreeTable;
				PRODUCT_NAME = "iOS逆向资源群335930567";
			};
			name = Release;
		};
		FC1146DB1C2A74D000A92773 /* Debug */ = {
			isa = XCBuildConfiguration;
			buildSettings = {
				BUNDLE_LOADER = "$(TEST_HOST)";
				INFOPLIST_FILE = CLLThreeTreeTableTests/Info.plist;
				LD_RUNPATH_SEARCH_PATHS = "$(inherited) @executable_path/Frameworks @loader_path/Frameworks";
				PRODUCT_BUNDLE_IDENTIFIER = com.tianxing.CLLThreeTreeTableTests;
				PRODUCT_NAME = "iOS逆向资源群335930567";
				TEST_HOST = "$(BUILT_PRODUCTS_DIR)/iOS逆向资源群335930567.app/iOS逆向资源群335930567";
			};
			name = Debug;
		};
		FC1146DC1C2A74D000A92773 /* Release */ = {
			isa = XCBuildConfiguration;
			buildSettings = {
				BUNDLE_LOADER = "$(TEST_HOST)";
				INFOPLIST_FILE = CLLThreeTreeTableTests/Info.plist;
				LD_RUNPATH_SEARCH_PATHS = "$(inherited) @executable_path/Frameworks @loader_path/Frameworks";
				PRODUCT_BUNDLE_IDENTIFIER = com.tianxing.CLLThreeTreeTableTests;
				PRODUCT_NAME = "iOS逆向资源群335930567";
				TEST_HOST = "$(BUILT_PRODUCTS_DIR)/iOS逆向资源群335930567.app/iOS逆向资源群335930567";
			};
			name = Release;
		};
		FC1146DE1C2A74D000A92773 /* Debug */ = {
			isa = XCBuildConfiguration;
			buildSettings = {
				INFOPLIST_FILE = CLLThreeTreeTableUITests/Info.plist;
				LD_RUNPATH_SEARCH_PATHS = "$(inherited) @executable_path/Frameworks @loader_path/Frameworks";
				PRODUCT_BUNDLE_IDENTIFIER = com.tianxing.CLLThreeTreeTableUITests;
				PRODUCT_NAME = "iOS逆向资源群335930567";
				TEST_TARGET_NAME = CLLThreeTreeTable;
				USES_XCTRUNNER = YES;
			};
			name = Debug;
		};
		FC1146DF1C2A74D000A92773 /* Release */ = {
			isa = XCBuildConfiguration;
			buildSettings = {
				INFOPLIST_FILE = CLLThreeTreeTableUITests/Info.plist;
				LD_RUNPATH_SEARCH_PATHS = "$(inherited) @executable_path/Frameworks @loader_path/Frameworks";
				PRODUCT_BUNDLE_IDENTIFIER = com.tianxing.CLLThreeTreeTableUITests;
				PRODUCT_NAME = "iOS逆向资源群335930567";
				TEST_TARGET_NAME = CLLThreeTreeTable;
				USES_XCTRUNNER = YES;
			};
			name = Release;
		};
/* End XCBuildConfiguration section */

/* Begin XCConfigurationList section */
		FC1146A51C2A74CF00A92773 /* Build configuration list for PBXProject "iOS逆向资源群335930567" */ = {
			isa = XCConfigurationList;
			buildConfigurations = (
				FC1146D51C2A74D000A92773 /* Debug */,
				FC1146D61C2A74D000A92773 /* Release */,
			);
			defaultConfigurationIsVisible = 0;
			defaultConfigurationName = Release;
		};
		FC1146D71C2A74D000A92773 /* Build configuration list for PBXNativeTarget "iOS逆向资源群335930567" */ = {
			isa = XCConfigurationList;
			buildConfigurations = (
				FC1146D81C2A74D000A92773 /* Debug */,
				FC1146D91C2A74D000A92773 /* Release */,
			);
			defaultConfigurationIsVisible = 0;
			defaultConfigurationName = Release;
		};
		FC1146DA1C2A74D000A92773 /* Build configuration list for PBXNativeTarget "iOS逆向资源群335930567Tests" */ = {
			isa = XCConfigurationList;
			buildConfigurations = (
				FC1146DB1C2A74D000A92773 /* Debug */,
				FC1146DC1C2A74D000A92773 /* Release */,
			);
			defaultConfigurationIsVisible = 0;
			defaultConfigurationName = Release;
		};
		FC1146DD1C2A74D000A92773 /* Build configuration list for PBXNativeTarget "iOS逆向资源群335930567UITests" */ = {
			isa = XCConfigurationList;
			buildConfigurations = (
				FC1146DE1C2A74D000A92773 /* Debug */,
				FC1146DF1C2A74D000A92773 /* Release */,
			);
			defaultConfigurationIsVisible = 0;
			defaultConfigurationName = Release;
		};
/* End XCConfigurationList section */
	};
	rootObject = FC1146A21C2A74CF00A92773 /* Project object */;
}
